// !$*UTF8*$!
{
	archiveVersion = 1;
	classes = {
	};
	objectVersion = 56;
	objects = {

/* Begin PBXBuildFile section */
		AD8D5EA82AAF2C99002967B7 /* _023AppApp.swift in Sources */ = {isa = PBXBuildFile; fileRef = AD8D5EA72AAF2C99002967B7 /* _023AppApp.swift */; };
		AD8D5EAA2AAF2C99002967B7 /* ContentView.swift in Sources */ = {isa = PBXBuildFile; fileRef = AD8D5EA92AAF2C99002967B7 /* ContentView.swift */; };
		AD8D5EAC2AAF2C9A002967B7 /* Assets.xcassets in Resources */ = {isa = PBXBuildFile; fileRef = AD8D5EAB2AAF2C9A002967B7 /* Assets.xcassets */; };
		AD8D5EAF2AAF2C9A002967B7 /* Preview Assets.xcassets in Resources */ = {isa = PBXBuildFile; fileRef = AD8D5EAE2AAF2C9A002967B7 /* Preview Assets.xcassets */; };
		AD8D5EB92AAF2C9B002967B7 /* _023AppTests.swift in Sources */ = {isa = PBXBuildFile; fileRef = AD8D5EB82AAF2C9B002967B7 /* _023AppTests.swift */; };
		AD8D5EC32AAF2C9B002967B7 /* _023AppUITests.swift in Sources */ = {isa = PBXBuildFile; fileRef = AD8D5EC22AAF2C9B002967B7 /* _023AppUITests.swift */; };
		AD8D5EC52AAF2C9B002967B7 /* _023AppUITestsLaunchTests.swift in Sources */ = {isa = PBXBuildFile; fileRef = AD8D5EC42AAF2C9B002967B7 /* _023AppUITestsLaunchTests.swift */; };
/* End PBXBuildFile section */

/* Begin PBXContainerItemProxy section */
		AD8D5EB52AAF2C9B002967B7 /* PBXContainerItemProxy */ = {
			isa = PBXContainerItemProxy;
			containerPortal = AD8D5E9C2AAF2C99002967B7 /* Project object */;
			proxyType = 1;
			remoteGlobalIDString = AD8D5EA32AAF2C99002967B7;
			remoteInfo = 2023App;
		};
		AD8D5EBF2AAF2C9B002967B7 /* PBXContainerItemProxy */ = {
			isa = PBXContainerItemProxy;
			containerPortal = AD8D5E9C2AAF2C99002967B7 /* Project object */;
			proxyType = 1;
			remoteGlobalIDString = AD8D5EA32AAF2C99002967B7;
			remoteInfo = 2023App;
		};
/* End PBXContainerItemProxy section */

/* Begin PBXFileReference section */
		AD8D5EA42AAF2C99002967B7 /* 2023App.app */ = {isa = PBXFileReference; explicitFileType = wrapper.application; includeInIndex = 0; path = 2023App.app; sourceTree = BUILT_PRODUCTS_DIR; };
		AD8D5EA72AAF2C99002967B7 /* _023AppApp.swift */ = {isa = PBXFileReference; lastKnownFileType = sourcecode.swift; path = _023AppApp.swift; sourceTree = "<group>"; };
		AD8D5EA92AAF2C99002967B7 /* ContentView.swift */ = {isa = PBXFileReference; lastKnownFileType = sourcecode.swift; path = ContentView.swift; sourceTree = "<group>"; };
		AD8D5EAB2AAF2C9A002967B7 /* Assets.xcassets */ = {isa = PBXFileReference; lastKnownFileType = folder.assetcatalog; path = Assets.xcassets; sourceTree = "<group>"; };
		AD8D5EAE2AAF2C9A002967B7 /* Preview Assets.xcassets */ = {isa = PBXFileReference; lastKnownFileType = folder.assetcatalog; path = "Preview Assets.xcassets"; sourceTree = "<group>"; };
		AD8D5EB42AAF2C9B002967B7 /* 2023AppTests.xctest */ = {isa = PBXFileReference; explicitFileType = wrapper.cfbundle; includeInIndex = 0; path = 2023AppTests.xctest; sourceTree = BUILT_PRODUCTS_DIR; };
		AD8D5EB82AAF2C9B002967B7 /* _023AppTests.swift */ = {isa = PBXFileReference; lastKnownFileType = sourcecode.swift; path = _023AppTests.swift; sourceTree = "<group>"; };
		AD8D5EBE2AAF2C9B002967B7 /* 2023AppUITests.xctest */ = {isa = PBXFileReference; explicitFileType = wrapper.cfbundle; includeInIndex = 0; path = 2023AppUITests.xctest; sourceTree = BUILT_PRODUCTS_DIR; };
		AD8D5EC22AAF2C9B002967B7 /* _023AppUITests.swift */ = {isa = PBXFileReference; lastKnownFileType = sourcecode.swift; path = _023AppUITests.swift; sourceTree = "<group>"; };
		AD8D5EC42AAF2C9B002967B7 /* _023AppUITestsLaunchTests.swift */ = {isa = PBXFileReference; lastKnownFileType = sourcecode.swift; path = _023AppUITestsLaunchTests.swift; sourceTree = "<group>"; };
/* End PBXFileReference section */

/* Begin PBXFrameworksBuildPhase section */
		AD8D5EA12AAF2C99002967B7 /* Frameworks */ = {
			isa = PBXFrameworksBuildPhase;
			buildActionMask = 2147483647;
			files = (
			);
			runOnlyForDeploymentPostprocessing = 0;
		};
		AD8D5EB12AAF2C9B002967B7 /* Frameworks */ = {
			isa = PBXFrameworksBuildPhase;
			buildActionMask = 2147483647;
			files = (
			);
			runOnlyForDeploymentPostprocessing = 0;
		};
		AD8D5EBB2AAF2C9B002967B7 /* Frameworks */ = {
			isa = PBXFrameworksBuildPhase;
			buildActionMask = 2147483647;
			files = (
			);
			runOnlyForDeploymentPostprocessing = 0;
		};
/* End PBXFrameworksBuildPhase section */

/* Begin PBXGroup section */
		AD8D5E9B2AAF2C99002967B7 = {
			isa = PBXGroup;
			children = (
				AD8D5EA62AAF2C99002967B7 /* 2023App */,
				AD8D5EB72AAF2C9B002967B7 /* 2023AppTests */,
				AD8D5EC12AAF2C9B002967B7 /* 2023AppUITests */,
				AD8D5EA52AAF2C99002967B7 /* Products */,
			);
			sourceTree = "<group>";
		};
		AD8D5EA52AAF2C99002967B7 /* Products */ = {
			isa = PBXGroup;
			children = (
				AD8D5EA42AAF2C99002967B7 /* 2023App.app */,
				AD8D5EB42AAF2C9B002967B7 /* 2023AppTests.xctest */,
				AD8D5EBE2AAF2C9B002967B7 /* 2023AppUITests.xctest */,
			);
			name = Products;
			sourceTree = "<group>";
		};
		AD8D5EA62AAF2C99002967B7 /* 2023App */ = {
			isa = PBXGroup;
			children = (
				AD8D5EA72AAF2C99002967B7 /* _023AppApp.swift */,
				AD8D5EA92AAF2C99002967B7 /* ContentView.swift */,
				AD8D5EAB2AAF2C9A002967B7 /* Assets.xcassets */,
				AD8D5EAD2AAF2C9A002967B7 /* Preview Content */,
			);
			path = 2023App;
			sourceTree = "<group>";
		};
		AD8D5EAD2AAF2C9A002967B7 /* Preview Content */ = {
			isa = PBXGroup;
			children = (
				AD8D5EAE2AAF2C9A002967B7 /* Preview Assets.xcassets */,
			);
			path = "Preview Content";
			sourceTree = "<group>";
		};
		AD8D5EB72AAF2C9B002967B7 /* 2023AppTests */ = {
			isa = PBXGroup;
			children = (
				AD8D5EB82AAF2C9B002967B7 /* _023AppTests.swift */,
			);
			path = 2023AppTests;
			sourceTree = "<group>";
		};
		AD8D5EC12AAF2C9B002967B7 /* 2023AppUITests */ = {
			isa = PBXGroup;
			children = (
				AD8D5EC22AAF2C9B002967B7 /* _023AppUITests.swift */,
				AD8D5EC42AAF2C9B002967B7 /* _023AppUITestsLaunchTests.swift */,
			);
			path = 2023AppUITests;
			sourceTree = "<group>";
		};
/* End PBXGroup section */

/* Begin PBXNativeTarget section */
		AD8D5EA32AAF2C99002967B7 /* 2023App */ = {
			isa = PBXNativeTarget;
			buildConfigurationList = AD8D5EC82AAF2C9B002967B7 /* Build configuration list for PBXNativeTarget "2023App" */;
			buildPhases = (
				AD8D5EA02AAF2C99002967B7 /* Sources */,
				AD8D5EA12AAF2C99002967B7 /* Frameworks */,
				AD8D5EA22AAF2C99002967B7 /* Resources */,
			);
			buildRules = (
			);
			dependencies = (
			);
			name = 2023App;
			productName = 2023App;
			productReference = AD8D5EA42AAF2C99002967B7 /* 2023App.app */;
			productType = "com.apple.product-type.application";
		};
		AD8D5EB32AAF2C9B002967B7 /* 2023AppTests */ = {
			isa = PBXNativeTarget;
			buildConfigurationList = AD8D5ECB2AAF2C9B002967B7 /* Build configuration list for PBXNativeTarget "2023AppTests" */;
			buildPhases = (
				AD8D5EB02AAF2C9B002967B7 /* Sources */,
				AD8D5EB12AAF2C9B002967B7 /* Frameworks */,
				AD8D5EB22AAF2C9B002967B7 /* Resources */,
			);
			buildRules = (
			);
			dependencies = (
				AD8D5EB62AAF2C9B002967B7 /* PBXTargetDependency */,
			);
			name = 2023AppTests;
			productName = 2023AppTests;
			productReference = AD8D5EB42AAF2C9B002967B7 /* 2023AppTests.xctest */;
			productType = "com.apple.product-type.bundle.unit-test";
		};
		AD8D5EBD2AAF2C9B002967B7 /* 2023AppUITests */ = {
			isa = PBXNativeTarget;
			buildConfigurationList = AD8D5ECE2AAF2C9B002967B7 /* Build configuration list for PBXNativeTarget "2023AppUITests" */;
			buildPhases = (
				AD8D5EBA2AAF2C9B002967B7 /* Sources */,
				AD8D5EBB2AAF2C9B002967B7 /* Frameworks */,
				AD8D5EBC2AAF2C9B002967B7 /* Resources */,
			);
			buildRules = (
			);
			dependencies = (
				AD8D5EC02AAF2C9B002967B7 /* PBXTargetDependency */,
			);
			name = 2023AppUITests;
			productName = 2023AppUITests;
			productReference = AD8D5EBE2AAF2C9B002967B7 /* 2023AppUITests.xctest */;
			productType = "com.apple.product-type.bundle.ui-testing";
		};
/* End PBXNativeTarget section */

/* Begin PBXProject section */
		AD8D5E9C2AAF2C99002967B7 /* Project object */ = {
			isa = PBXProject;
			attributes = {
				BuildIndependentTargetsInParallel = 1;
				LastSwiftUpdateCheck = 1430;
				LastUpgradeCheck = 1430;
				TargetAttributes = {
					AD8D5EA32AAF2C99002967B7 = {
						CreatedOnToolsVersion = 14.3.1;
					};
					AD8D5EB32AAF2C9B002967B7 = {
						CreatedOnToolsVersion = 14.3.1;
						TestTargetID = AD8D5EA32AAF2C99002967B7;
					};
					AD8D5EBD2AAF2C9B002967B7 = {
						CreatedOnToolsVersion = 14.3.1;
						TestTargetID = AD8D5EA32AAF2C99002967B7;
					};
				};
			};
			buildConfigurationList = AD8D5E9F2AAF2C99002967B7 /* Build configuration list for PBXProject "2023App" */;
			compatibilityVersion = "Xcode 14.0";
			developmentRegion = en;
			hasScannedForEncodings = 0;
			knownRegions = (
				en,
				Base,
			);
			mainGroup = AD8D5E9B2AAF2C99002967B7;
			productRefGroup = AD8D5EA52AAF2C99002967B7 /* Products */;
			projectDirPath = "";
			projectRoot = "";
			targets = (
				AD8D5EA32AAF2C99002967B7 /* 2023App */,
				AD8D5EB32AAF2C9B002967B7 /* 2023AppTests */,
				AD8D5EBD2AAF2C9B002967B7 /* 2023AppUITests */,
			);
		};
/* End PBXProject section */

/* Begin PBXResourcesBuildPhase section */
		AD8D5EA22AAF2C99002967B7 /* Resources */ = {
			isa = PBXResourcesBuildPhase;
			buildActionMask = 2147483647;
			files = (
				AD8D5EAF2AAF2C9A002967B7 /* Preview Assets.xcassets in Resources */,
				AD8D5EAC2AAF2C9A002967B7 /* Assets.xcassets in Resources */,
			);
			runOnlyForDeploymentPostprocessing = 0;
		};
		AD8D5EB22AAF2C9B002967B7 /* Resources */ = {
			isa = PBXResourcesBuildPhase;
			buildActionMask = 2147483647;
			files = (
			);
			runOnlyForDeploymentPostprocessing = 0;
		};
		AD8D5EBC2AAF2C9B002967B7 /* Resources */ = {
			isa = PBXResourcesBuildPhase;
			buildActionMask = 2147483647;
			files = (
			);
			runOnlyForDeploymentPostprocessing = 0;
		};
/* End PBXResourcesBuildPhase section */

/* Begin PBXSourcesBuildPhase section */
		AD8D5EA02AAF2C99002967B7 /* Sources */ = {
			isa = PBXSourcesBuildPhase;
			buildActionMask = 2147483647;
			files = (
				AD8D5EAA2AAF2C99002967B7 /* ContentView.swift in Sources */,
				AD8D5EA82AAF2C99002967B7 /* _023AppApp.swift in Sources */,
			);
			runOnlyForDeploymentPostprocessing = 0;
		};
		AD8D5EB02AAF2C9B002967B7 /* Sources */ = {
			isa = PBXSourcesBuildPhase;
			buildActionMask = 2147483647;
			files = (
				AD8D5EB92AAF2C9B002967B7 /* _023AppTests.swift in Sources */,
			);
			runOnlyForDeploymentPostprocessing = 0;
		};
		AD8D5EBA2AAF2C9B002967B7 /* Sources */ = {
			isa = PBXSourcesBuildPhase;
			buildActionMask = 2147483647;
			files = (
				AD8D5EC52AAF2C9B002967B7 /* _023AppUITestsLaunchTests.swift in Sources */,
				AD8D5EC32AAF2C9B002967B7 /* _023AppUITests.swift in Sources */,
			);
			runOnlyForDeploymentPostprocessing = 0;
		};
/* End PBXSourcesBuildPhase section */

/* Begin PBXTargetDependency section */
		AD8D5EB62AAF2C9B002967B7 /* PBXTargetDependency */ = {
			isa = PBXTargetDependency;
			target = AD8D5EA32AAF2C99002967B7 /* 2023App */;
			targetProxy = AD8D5EB52AAF2C9B002967B7 /* PBXContainerItemProxy */;
		};
		AD8D5EC02AAF2C9B002967B7 /* PBXTargetDependency */ = {
			isa = PBXTargetDependency;
			target = AD8D5EA32AAF2C99002967B7 /* 2023App */;
			targetProxy = AD8D5EBF2AAF2C9B002967B7 /* PBXContainerItemProxy */;
		};
/* End PBXTargetDependency section */

/* Begin XCBuildConfiguration section */
		AD8D5EC62AAF2C9B002967B7 /* Debug */ = {
			isa = XCBuildConfiguration;
			buildSettings = {
				ALWAYS_SEARCH_USER_PATHS = NO;
				CLANG_ANALYZER_NONNULL = YES;
				CLANG_ANALYZER_NUMBER_OBJECT_CONVERSION = YES_AGGRESSIVE;
				CLANG_CXX_LANGUAGE_STANDARD = "gnu++20";
				CLANG_ENABLE_MODULES = YES;
				CLANG_ENABLE_OBJC_ARC = YES;
				CLANG_ENABLE_OBJC_WEAK = YES;
				CLANG_WARN_BLOCK_CAPTURE_AUTORELEASING = YES;
				CLANG_WARN_BOOL_CONVERSION = YES;
				CLANG_WARN_COMMA = YES;
				CLANG_WARN_CONSTANT_CONVERSION = YES;
				CLANG_WARN_DEPRECATED_OBJC_IMPLEMENTATIONS = YES;
				CLANG_WARN_DIRECT_OBJC_ISA_USAGE = YES_ERROR;
				CLANG_WARN_DOCUMENTATION_COMMENTS = YES;
				CLANG_WARN_EMPTY_BODY = YES;
				CLANG_WARN_ENUM_CONVERSION = YES;
				CLANG_WARN_INFINITE_RECURSION = YES;
				CLANG_WARN_INT_CONVERSION = YES;
				CLANG_WARN_NON_LITERAL_NULL_CONVERSION = YES;
				CLANG_WARN_OBJC_IMPLICIT_RETAIN_SELF = YES;
				CLANG_WARN_OBJC_LITERAL_CONVERSION = YES;
				CLANG_WARN_OBJC_ROOT_CLASS = YES_ERROR;
				CLANG_WARN_QUOTED_INCLUDE_IN_FRAMEWORK_HEADER = YES;
				CLANG_WARN_RANGE_LOOP_ANALYSIS = YES;
				CLANG_WARN_STRICT_PROTOTYPES = YES;
				CLANG_WARN_SUSPICIOUS_MOVE = YES;
				CLANG_WARN_UNGUARDED_AVAILABILITY = YES_AGGRESSIVE;
				CLANG_WARN_UNREACHABLE_CODE = YES;
				CLANG_WARN__DUPLICATE_METHOD_MATCH = YES;
				COPY_PHASE_STRIP = NO;
				DEBUG_INFORMATION_FORMAT = dwarf;
				ENABLE_STRICT_OBJC_MSGSEND = YES;
				ENABLE_TESTABILITY = YES;
				GCC_C_LANGUAGE_STANDARD = gnu11;
				GCC_DYNAMIC_NO_PIC = NO;
				GCC_NO_COMMON_BLOCKS = YES;
				GCC_OPTIMIZATION_LEVEL = 0;
				GCC_PREPROCESSOR_DEFINITIONS = (
					"DEBUG=1",
					"$(inherited)",
				);
				GCC_WARN_64_TO_32_BIT_CONVERSION = YES;
				GCC_WARN_ABOUT_RETURN_TYPE = YES_ERROR;
				GCC_WARN_UNDECLARED_SELECTOR = YES;
				GCC_WARN_UNINITIALIZED_AUTOS = YES_AGGRESSIVE;
				GCC_WARN_UNUSED_FUNCTION = YES;
				GCC_WARN_UNUSED_VARIABLE = YES;
				IPHONEOS_DEPLOYMENT_TARGET = 16.4;
				MTL_ENABLE_DEBUG_INFO = INCLUDE_SOURCE;
				MTL_FAST_MATH = YES;
				ONLY_ACTIVE_ARCH = YES;
				SDKROOT = iphoneos;
				SWIFT_ACTIVE_COMPILATION_CONDITIONS = DEBUG;
				SWIFT_OPTIMIZATION_LEVEL = "-Onone";
			};
			name = Debug;
		};
		AD8D5EC72AAF2C9B002967B7 /* Release */ = {
			isa = XCBuildConfiguration;
			buildSettings = {
				ALWAYS_SEARCH_USER_PATHS = NO;
				CLANG_ANALYZER_NONNULL = YES;
				CLANG_ANALYZER_NUMBER_OBJECT_CONVERSION = YES_AGGRESSIVE;
				CLANG_CXX_LANGUAGE_STANDARD = "gnu++20";
				CLANG_ENABLE_MODULES = YES;
				CLANG_ENABLE_OBJC_ARC = YES;
				CLANG_ENABLE_OBJC_WEAK = YES;
				CLANG_WARN_BLOCK_CAPTURE_AUTORELEASING = YES;
				CLANG_WARN_BOOL_CONVERSION = YES;
				CLANG_WARN_COMMA = YES;
				CLANG_WARN_CONSTANT_CONVERSION = YES;
				CLANG_WARN_DEPRECATED_OBJC_IMPLEMENTATIONS = YES;
				CLANG_WARN_DIRECT_OBJC_ISA_USAGE = YES_ERROR;
				CLANG_WARN_DOCUMENTATION_COMMENTS = YES;
				CLANG_WARN_EMPTY_BODY = YES;
				CLANG_WARN_ENUM_CONVERSION = YES;
				CLANG_WARN_INFINITE_RECURSION = YES;
				CLANG_WARN_INT_CONVERSION = YES;
				CLANG_WARN_NON_LITERAL_NULL_CONVERSION = YES;
				CLANG_WARN_OBJC_IMPLICIT_RETAIN_SELF = YES;
				CLANG_WARN_OBJC_LITERAL_CONVERSION = YES;
				CLANG_WARN_OBJC_ROOT_CLASS = YES_ERROR;
				CLANG_WARN_QUOTED_INCLUDE_IN_FRAMEWORK_HEADER = YES;
				CLANG_WARN_RANGE_LOOP_ANALYSIS = YES;
				CLANG_WARN_STRICT_PROTOTYPES = YES;
				CLANG_WARN_SUSPICIOUS_MOVE = YES;
				CLANG_WARN_UNGUARDED_AVAILABILITY = YES_AGGRESSIVE;
				CLANG_WARN_UNREACHABLE_CODE = YES;
				CLANG_WARN__DUPLICATE_METHOD_MATCH = YES;
				COPY_PHASE_STRIP = NO;
				DEBUG_INFORMATION_FORMAT = "dwarf-with-dsym";
				ENABLE_NS_ASSERTIONS = NO;
				ENABLE_STRICT_OBJC_MSGSEND = YES;
				GCC_C_LANGUAGE_STANDARD = gnu11;
				GCC_NO_COMMON_BLOCKS = YES;
				GCC_WARN_64_TO_32_BIT_CONVERSION = YES;
				GCC_WARN_ABOUT_RETURN_TYPE = YES_ERROR;
				GCC_WARN_UNDECLARED_SELECTOR = YES;
				GCC_WARN_UNINITIALIZED_AUTOS = YES_AGGRESSIVE;
				GCC_WARN_UNUSED_FUNCTION = YES;
				GCC_WARN_UNUSED_VARIABLE = YES;
				IPHONEOS_DEPLOYMENT_TARGET = 16.4;
				MTL_ENABLE_DEBUG_INFO = NO;
				MTL_FAST_MATH = YES;
				SDKROOT = iphoneos;
				SWIFT_COMPILATION_MODE = wholemodule;
				SWIFT_OPTIMIZATION_LEVEL = "-O";
				VALIDATE_PRODUCT = YES;
			};
			name = Release;
		};
		AD8D5EC92AAF2C9B002967B7 /* Debug */ = {
			isa = XCBuildConfiguration;
			buildSettings = {
				ASSETCATALOG_COMPILER_APPICON_NAME = AppIcon;
				ASSETCATALOG_COMPILER_GLOBAL_ACCENT_COLOR_NAME = AccentColor;
				CODE_SIGN_STYLE = Automatic;
				CURRENT_PROJECT_VERSION = 1;
				DEVELOPMENT_ASSET_PATHS = "\"2023App/Preview Content\"";
				DEVELOPMENT_TEAM = X2YTU94F9H;
				ENABLE_PREVIEWS = YES;
				GENERATE_INFOPLIST_FILE = YES;
				INFOPLIST_KEY_UIApplicationSceneManifest_Generation = YES;
				INFOPLIST_KEY_UIApplicationSupportsIndirectInputEvents = YES;
				INFOPLIST_KEY_UILaunchScreen_Generation = YES;
				INFOPLIST_KEY_UISupportedInterfaceOrientations_iPad = "UIInterfaceOrientationPortrait UIInterfaceOrientationPortraitUpsideDown UIInterfaceOrientationLandscapeLeft UIInterfaceOrientationLandscapeRight";
				INFOPLIST_KEY_UISupportedInterfaceOrientations_iPhone = "UIInterfaceOrientationPortrait UIInterfaceOrientationLandscapeLeft UIInterfaceOrientationLandscapeRight";
				LD_RUNPATH_SEARCH_PATHS = (
					"$(inherited)",
					"@executable_path/Frameworks",
				);
				MARKETING_VERSION = 1.0;
				PRODUCT_BUNDLE_IDENTIFIER = "au.edu.uts.-023App";
				PRODUCT_NAME = "$(TARGET_NAME)";
				SWIFT_EMIT_LOC_STRINGS = YES;
				SWIFT_VERSION = 5.0;
				TARGETED_DEVICE_FAMILY = "1,2";
			};
			name = Debug;
		};
		AD8D5ECA2AAF2C9B002967B7 /* Release */ = {
			isa = XCBuildConfiguration;
			buildSettings = {
				ASSETCATALOG_COMPILER_APPICON_NAME = AppIcon;
				ASSETCATALOG_COMPILER_GLOBAL_ACCENT_COLOR_NAME = AccentColor;
				CODE_SIGN_STYLE = Automatic;
				CURRENT_PROJECT_VERSION = 1;
				DEVELOPMENT_ASSET_PATHS = "\"2023App/Preview Content\"";
				DEVELOPMENT_TEAM = X2YTU94F9H;
				ENABLE_PREVIEWS = YES;
				GENERATE_INFOPLIST_FILE = YES;
				INFOPLIST_KEY_UIApplicationSceneManifest_Generation = YES;
				INFOPLIST_KEY_UIApplicationSupportsIndirectInputEvents = YES;
				INFOPLIST_KEY_UILaunchScreen_Generation = YES;
				INFOPLIST_KEY_UISupportedInterfaceOrientations_iPad = "UIInterfaceOrientationPortrait UIInterfaceOrientationPortraitUpsideDown UIInterfaceOrientationLandscapeLeft UIInterfaceOrientationLandscapeRight";
				INFOPLIST_KEY_UISupportedInterfaceOrientations_iPhone = "UIInterfaceOrientationPortrait UIInterfaceOrientationLandscapeLeft UIInterfaceOrientationLandscapeRight";
				LD_RUNPATH_SEARCH_PATHS = (
					"$(inherited)",
					"@executable_path/Frameworks",
				);
				MARKETING_VERSION = 1.0;
				PRODUCT_BUNDLE_IDENTIFIER = "au.edu.uts.-023App";
				PRODUCT_NAME = "$(TARGET_NAME)";
				SWIFT_EMIT_LOC_STRINGS = YES;
				SWIFT_VERSION = 5.0;
				TARGETED_DEVICE_FAMILY = "1,2";
			};
			name = Release;
		};
		AD8D5ECC2AAF2C9B002967B7 /* Debug */ = {
			isa = XCBuildConfiguration;
			buildSettings = {
				ALWAYS_EMBED_SWIFT_STANDARD_LIBRARIES = YES;
				BUNDLE_LOADER = "$(TEST_HOST)";
				CODE_SIGN_STYLE = Automatic;
				CURRENT_PROJECT_VERSION = 1;
				DEVELOPMENT_TEAM = X2YTU94F9H;
				GENERATE_INFOPLIST_FILE = YES;
				IPHONEOS_DEPLOYMENT_TARGET = 16.4;
				MARKETING_VERSION = 1.0;
				PRODUCT_BUNDLE_IDENTIFIER = "au.edu.uts.-023AppTests";
				PRODUCT_NAME = "$(TARGET_NAME)";
				SWIFT_EMIT_LOC_STRINGS = NO;
				SWIFT_VERSION = 5.0;
				TARGETED_DEVICE_FAMILY = "1,2";
				TEST_HOST = "$(BUILT_PRODUCTS_DIR)/2023App.app/$(BUNDLE_EXECUTABLE_FOLDER_PATH)/2023App";
			};
			name = Debug;
		};
		AD8D5ECD2AAF2C9B002967B7 /* Release */ = {
			isa = XCBuildConfiguration;
			buildSettings = {
				ALWAYS_EMBED_SWIFT_STANDARD_LIBRARIES = YES;
				BUNDLE_LOADER = "$(TEST_HOST)";
				CODE_SIGN_STYLE = Automatic;
				CURRENT_PROJECT_VERSION = 1;
				DEVELOPMENT_TEAM = X2YTU94F9H;
				GENERATE_INFOPLIST_FILE = YES;
				IPHONEOS_DEPLOYMENT_TARGET = 16.4;
				MARKETING_VERSION = 1.0;
				PRODUCT_BUNDLE_IDENTIFIER = "au.edu.uts.-023AppTests";
				PRODUCT_NAME = "$(TARGET_NAME)";
				SWIFT_EMIT_LOC_STRINGS = NO;
				SWIFT_VERSION = 5.0;
				TARGETED_DEVICE_FAMILY = "1,2";
				TEST_HOST = "$(BUILT_PRODUCTS_DIR)/2023App.app/$(BUNDLE_EXECUTABLE_FOLDER_PATH)/2023App";
			};
			name = Release;
		};
		AD8D5ECF2AAF2C9B002967B7 /* Debug */ = {
			isa = XCBuildConfiguration;
			buildSettings = {
				ALWAYS_EMBED_SWIFT_STANDARD_LIBRARIES = YES;
				CODE_SIGN_STYLE = Automatic;
				CURRENT_PROJECT_VERSION = 1;
				DEVELOPMENT_TEAM = X2YTU94F9H;
				GENERATE_INFOPLIST_FILE = YES;
				MARKETING_VERSION = 1.0;
				PRODUCT_BUNDLE_IDENTIFIER = "au.edu.uts.-023AppUITests";
				PRODUCT_NAME = "$(TARGET_NAME)";
				SWIFT_EMIT_LOC_STRINGS = NO;
				SWIFT_VERSION = 5.0;
				TARGETED_DEVICE_FAMILY = "1,2";
				TEST_TARGET_NAME = 2023App;
			};
			name = Debug;
		};
		AD8D5ED02AAF2C9B002967B7 /* Release */ = {
			isa = XCBuildConfiguration;
			buildSettings = {
				ALWAYS_EMBED_SWIFT_STANDARD_LIBRARIES = YES;
				CODE_SIGN_STYLE = Automatic;
				CURRENT_PROJECT_VERSION = 1;
				DEVELOPMENT_TEAM = X2YTU94F9H;
				GENERATE_INFOPLIST_FILE = YES;
				MARKETING_VERSION = 1.0;
				PRODUCT_BUNDLE_IDENTIFIER = "au.edu.uts.-023AppUITests";
				PRODUCT_NAME = "$(TARGET_NAME)";
				SWIFT_EMIT_LOC_STRINGS = NO;
				SWIFT_VERSION = 5.0;
				TARGETED_DEVICE_FAMILY = "1,2";
				TEST_TARGET_NAME = 2023App;
			};
			name = Release;
		};
/* End XCBuildConfiguration section */

/* Begin XCConfigurationList section */
		AD8D5E9F2AAF2C99002967B7 /* Build configuration list for PBXProject "2023App" */ = {
			isa = XCConfigurationList;
			buildConfigurations = (
				AD8D5EC62AAF2C9B002967B7 /* Debug */,
				AD8D5EC72AAF2C9B002967B7 /* Release */,
			);
			defaultConfigurationIsVisible = 0;
			defaultConfigurationName = Release;
		};
		AD8D5EC82AAF2C9B002967B7 /* Build configuration list for PBXNativeTarget "2023App" */ = {
			isa = XCConfigurationList;
			buildConfigurations = (
				AD8D5EC92AAF2C9B002967B7 /* Debug */,
				AD8D5ECA2AAF2C9B002967B7 /* Release */,
			);
			defaultConfigurationIsVisible = 0;
			defaultConfigurationName = Release;
		};
		AD8D5ECB2AAF2C9B002967B7 /* Build configuration list for PBXNativeTarget "2023AppTests" */ = {
			isa = XCConfigurationList;
			buildConfigurations = (
				AD8D5ECC2AAF2C9B002967B7 /* Debug */,
				AD8D5ECD2AAF2C9B002967B7 /* Release */,
			);
			defaultConfigurationIsVisible = 0;
			defaultConfigurationName = Release;
		};
		AD8D5ECE2AAF2C9B002967B7 /* Build configuration list for PBXNativeTarget "2023AppUITests" */ = {
			isa = XCConfigurationList;
			buildConfigurations = (
				AD8D5ECF2AAF2C9B002967B7 /* Debug */,
				AD8D5ED02AAF2C9B002967B7 /* Release */,
			);
			defaultConfigurationIsVisible = 0;
			defaultConfigurationName = Release;
		};
/* End XCConfigurationList section */
	};
	rootObject = AD8D5E9C2AAF2C99002967B7 /* Project object */;
}
